<?xml version="1.0" encoding="utf-8"?>
<Project xmlns="http://schemas.microsoft.com/developer/msbuild/2003">
  <ItemGroup>
    <Filter Include="Form Files">
      <UniqueIdentifier>{99349809-55BA-4b9d-BF79-8FDBB0286EB3}</UniqueIdentifier>
      <Extensions>ui</Extensions>
      <ParseFiles>false</ParseFiles>
    </Filter>
    <Filter Include="Form Files">
      <UniqueIdentifier>{99349809-55BA-4b9d-BF79-8FDBB0286EB3}</UniqueIdentifier>
      <Extensions>ui</Extensions>
      <ParseFiles>false</ParseFiles>
    </Filter>
    <Filter Include="Generated Files">
      <UniqueIdentifier>{71ED8ED8-ACB9-4CE9-BBE1-E00B30144E11}</UniqueIdentifier>
      <Extensions>cpp;c;cxx;moc;h;def;odl;idl;res;</Extensions>
    </Filter>
    <Filter Include="Generated Files">
      <UniqueIdentifier>{71ED8ED8-ACB9-4CE9-BBE1-E00B30144E11}</UniqueIdentifier>
      <Extensions>cpp;c;cxx;moc;h;def;odl;idl;res;</Extensions>
    </Filter>
    <Filter Include="Header Files">
      <UniqueIdentifier>{93995380-89BD-4b04-88EB-625FBE52EBFB}</UniqueIdentifier>
      <Extensions>h;hpp;hxx;hm;inl;inc;xsd</Extensions>
    </Filter>
    <Filter Include="Header Files">
      <UniqueIdentifier>{93995380-89BD-4b04-88EB-625FBE52EBFB}</UniqueIdentifier>
      <Extensions>h;hpp;hxx;hm;inl;inc;xsd</Extensions>
    </Filter>
    <Filter Include="Resource Files">
      <UniqueIdentifier>{D9D6E242-F8AF-46E4-B9FD-80ECBC20BA3E}</UniqueIdentifier>
      <Extensions>qrc;*</Extensions>
      <ParseFiles>false</ParseFiles>
    </Filter>
    <Filter Include="Resource Files">
      <UniqueIdentifier>{D9D6E242-F8AF-46E4-B9FD-80ECBC20BA3E}</UniqueIdentifier>
      <Extensions>qrc;*</Extensions>
      <ParseFiles>false</ParseFiles>
    </Filter>
    <Filter Include="Source Files">
      <UniqueIdentifier>{4FC737F1-C7A5-4376-A066-2A32D752A2FF}</UniqueIdentifier>
      <Extensions>cpp;c;cxx;def;odl;idl;hpj;bat;asm;asmx</Extensions>
    </Filter>
    <Filter Include="Source Files">
      <UniqueIdentifier>{4FC737F1-C7A5-4376-A066-2A32D752A2FF}</UniqueIdentifier>
      <Extensions>cpp;c;cxx;def;odl;idl;hpj;bat;asm;asmx</Extensions>
    </Filter>
    <Filter Include="Translation Files">
      <UniqueIdentifier>{639EADAA-A684-42e4-A9AD-28FC9BCB8F7C}</UniqueIdentifier>
      <Extensions>ts;xlf</Extensions>
      <ParseFiles>false</ParseFiles>
    </Filter>
    <Filter Include="Translation Files">
      <UniqueIdentifier>{639EADAA-A684-42e4-A9AD-28FC9BCB8F7C}</UniqueIdentifier>
      <Extensions>ts;xlf</Extensions>
      <ParseFiles>false</ParseFiles>
    </Filter>
  </ItemGroup>
  <ItemGroup>
    <ClCompile Include="addaccesslinkagerule.cpp">
      <Filter>Source Files</Filter>
    </ClCompile>
    <ClCompile Include="addlinkagerule.cpp">
      <Filter>Source Files</Filter>
    </ClCompile>
    <ClCompile Include="alarm.cpp">
      <Filter>Source Files</Filter>
    </ClCompile>
    <ClCompile Include="alarmcfg.cpp">
      <Filter>Source Files</Filter>
    </ClCompile>
    <ClCompile Include="linkageprevrec.cpp">
      <Filter>Source Files</Filter>
    </ClCompile>
    <ClCompile Include="linkageptz.cpp">
      <Filter>Source Files</Filter>
    </ClCompile>
    <ClCompile Include="linkagetvwall.cpp">
      <Filter>Source Files</Filter>
    </ClCompile>
    <ClCompile Include="log.cpp">
      <Filter>Source Files</Filter>
    </ClCompile>
    <ClCompile Include="main.cpp">
      <Filter>Source Files</Filter>
    </ClCompile>
  </ItemGroup>
  <ItemGroup>
    <QtMoc Include="addaccesslinkagerule.h">
      <Filter>Header Files</Filter>
    </QtMoc>
    <QtMoc Include="addlinkagerule.h">
      <Filter>Header Files</Filter>
    </QtMoc>
    <QtMoc Include="alarm.h">
      <Filter>Header Files</Filter>
    </QtMoc>
    <QtMoc Include="alarmcfg.h">
      <Filter>Header Files</Filter>
    </QtMoc>
    <QtMoc Include="linkageprevrec.h">
      <Filter>Header Files</Filter>
    </QtMoc>
    <QtMoc Include="linkageptz.h">
      <Filter>Header Files</Filter>
    </QtMoc>
    <QtMoc Include="linkagetvwall.h">
      <Filter>Header Files</Filter>
    </QtMoc>
    <QtMoc Include="log.h">
      <Filter>Header Files</Filter>
    </QtMoc>
  </ItemGroup>
  <ItemGroup>
    <CustomBuild Include="debug\moc_predefs.h.cbt">
      <Filter>Generated Files</Filter>
    </CustomBuild>
    <CustomBuild Include="release\moc_predefs.h.cbt">
      <Filter>Generated Files</Filter>
    </CustomBuild>
    <ClInclude Include="ui_addaccesslinkagerule.h">
      <Filter>Generated Files</Filter>
    </ClInclude>
    <ClInclude Include="ui_addlinkagerule.h">
      <Filter>Generated Files</Filter>
    </ClInclude>
    <ClInclude Include="ui_alarm.h">
      <Filter>Generated Files</Filter>
    </ClInclude>
    <ClInclude Include="ui_alarmcfg.h">
      <Filter>Generated Files</Filter>
    </ClInclude>
    <ClInclude Include="ui_control.h">
      <Filter>Generated Files</Filter>
    </ClInclude>
    <ClInclude Include="ui_linkageprevrec.h">
      <Filter>Generated Files</Filter>
    </ClInclude>
    <ClInclude Include="ui_linkageptz.h">
      <Filter>Generated Files</Filter>
    </ClInclude>
    <ClInclude Include="ui_linkagetvwall.h">
      <Filter>Generated Files</Filter>
    </ClInclude>
    <ClInclude Include="ui_log.h">
      <Filter>Generated Files</Filter>
    </ClInclude>
  </ItemGroup>
  <ItemGroup>
    <None Include="Chinese.ts">
      <Filter>Translation Files</Filter>
    </None>
    <None Include="English.ts">
      <Filter>Translation Files</Filter>
    </None>
  </ItemGroup>
  <ItemGroup>
    <QtUic Include="addaccesslinkagerule.ui">
      <Filter>Form Files</Filter>
    </QtUic>
    <QtUic Include="addlinkagerule.ui">
      <Filter>Form Files</Filter>
    </QtUic>
    <QtUic Include="alarm.ui">
      <Filter>Form Files</Filter>
    </QtUic>
    <QtUic Include="alarmcfg.ui">
      <Filter>Form Files</Filter>
    </QtUic>
    <QtUic Include="linkageprevrec.ui">
      <Filter>Form Files</Filter>
    </QtUic>
    <QtUic Include="linkageptz.ui">
      <Filter>Form Files</Filter>
    </QtUic>
    <QtUic Include="linkagetvwall.ui">
      <Filter>Form Files</Filter>
    </QtUic>
    <QtUic Include="log.ui">
      <Filter>Form Files</Filter>
    </QtUic>
  </ItemGroup>
  <ItemGroup>
    <None Include="cmssurface.qss">
      <Filter>Resource Files</Filter>
    </None>
    <QtRcc Include="log.qrc">
      <Filter>Resource Files</Filter>
    </QtRcc>
    <None Include="log.qss">
      <Filter>Resource Files</Filter>
    </None>
  </ItemGroup>
</Project>