<?xml version="1.0" encoding="utf-8"?>
<Project xmlns="http://schemas.microsoft.com/developer/msbuild/2003">
  <ItemGroup>
    <Filter Include="Form Files">
      <UniqueIdentifier>{99349809-55BA-4b9d-BF79-8FDBB0286EB3}</UniqueIdentifier>
      <Extensions>ui</Extensions>
      <ParseFiles>false</ParseFiles>
    </Filter>
    <Filter Include="Form Files">
      <UniqueIdentifier>{99349809-55BA-4b9d-BF79-8FDBB0286EB3}</UniqueIdentifier>
      <Extensions>ui</Extensions>
      <ParseFiles>false</ParseFiles>
    </Filter>
    <Filter Include="Generated Files">
      <UniqueIdentifier>{71ED8ED8-ACB9-4CE9-BBE1-E00B30144E11}</UniqueIdentifier>
      <Extensions>cpp;c;cxx;moc;h;def;odl;idl;res;</Extensions>
    </Filter>
    <Filter Include="Generated Files">
      <UniqueIdentifier>{71ED8ED8-ACB9-4CE9-BBE1-E00B30144E11}</UniqueIdentifier>
      <Extensions>cpp;c;cxx;moc;h;def;odl;idl;res;</Extensions>
    </Filter>
    <Filter Include="Header Files">
      <UniqueIdentifier>{93995380-89BD-4b04-88EB-625FBE52EBFB}</UniqueIdentifier>
      <Extensions>h;hpp;hxx;hm;inl;inc;xsd</Extensions>
    </Filter>
    <Filter Include="Header Files">
      <UniqueIdentifier>{93995380-89BD-4b04-88EB-625FBE52EBFB}</UniqueIdentifier>
      <Extensions>h;hpp;hxx;hm;inl;inc;xsd</Extensions>
    </Filter>
    <Filter Include="Resource Files">
      <UniqueIdentifier>{D9D6E242-F8AF-46E4-B9FD-80ECBC20BA3E}</UniqueIdentifier>
      <Extensions>qrc;*</Extensions>
      <ParseFiles>false</ParseFiles>
    </Filter>
    <Filter Include="Resource Files">
      <UniqueIdentifier>{D9D6E242-F8AF-46E4-B9FD-80ECBC20BA3E}</UniqueIdentifier>
      <Extensions>qrc;*</Extensions>
      <ParseFiles>false</ParseFiles>
    </Filter>
    <Filter Include="Source Files">
      <UniqueIdentifier>{4FC737F1-C7A5-4376-A066-2A32D752A2FF}</UniqueIdentifier>
      <Extensions>cpp;c;cxx;def;odl;idl;hpj;bat;asm;asmx</Extensions>
    </Filter>
    <Filter Include="Source Files">
      <UniqueIdentifier>{4FC737F1-C7A5-4376-A066-2A32D752A2FF}</UniqueIdentifier>
      <Extensions>cpp;c;cxx;def;odl;idl;hpj;bat;asm;asmx</Extensions>
    </Filter>
    <Filter Include="Translation Files">
      <UniqueIdentifier>{639EADAA-A684-42e4-A9AD-28FC9BCB8F7C}</UniqueIdentifier>
      <Extensions>ts;xlf</Extensions>
      <ParseFiles>false</ParseFiles>
    </Filter>
    <Filter Include="Translation Files">
      <UniqueIdentifier>{639EADAA-A684-42e4-A9AD-28FC9BCB8F7C}</UniqueIdentifier>
      <Extensions>ts;xlf</Extensions>
      <ParseFiles>false</ParseFiles>
    </Filter>
    <Filter Include="Distribution Files">
      <UniqueIdentifier>{B83CAF91-C7BF-462F-B76C-EA11631F866C}</UniqueIdentifier>
      <Extensions>*</Extensions>
      <ParseFiles>false</ParseFiles>
    </Filter>
    <Filter Include="Distribution Files">
      <UniqueIdentifier>{B83CAF91-C7BF-462F-B76C-EA11631F866C}</UniqueIdentifier>
      <Extensions>*</Extensions>
      <ParseFiles>false</ParseFiles>
    </Filter>
  </ItemGroup>
  <ItemGroup>
    <ClCompile Include="frmmain.cpp">
      <Filter>Source Files</Filter>
    </ClCompile>
    <ClCompile Include="main.cpp">
      <Filter>Source Files</Filter>
    </ClCompile>
    <ClCompile Include="mainwindow.cpp">
      <Filter>Source Files</Filter>
    </ClCompile>
    <ClCompile Include="playframe.cpp">
      <Filter>Source Files</Filter>
    </ClCompile>
    <ClCompile Include="playmultiwindow.cpp">
      <Filter>Source Files</Filter>
    </ClCompile>
    <ClCompile Include="prevscreennumctrl.cpp">
      <Filter>Source Files</Filter>
    </ClCompile>
    <ClCompile Include="treeview.cpp">
      <Filter>Source Files</Filter>
    </ClCompile>
    <ClCompile Include="vprevmulitwindow.cpp">
      <Filter>Source Files</Filter>
    </ClCompile>
    <ClCompile Include="vprevwindow.cpp">
      <Filter>Source Files</Filter>
    </ClCompile>
  </ItemGroup>
  <ItemGroup>
    <QtMoc Include="frmmain.h">
      <Filter>Header Files</Filter>
    </QtMoc>
    <QtMoc Include="mainwindow.h">
      <Filter>Header Files</Filter>
    </QtMoc>
    <QtMoc Include="playframe.h">
      <Filter>Header Files</Filter>
    </QtMoc>
    <QtMoc Include="playmultiwindow.h">
      <Filter>Header Files</Filter>
    </QtMoc>
    <QtMoc Include="prevscreennumctrl.h">
      <Filter>Header Files</Filter>
    </QtMoc>
    <ClInclude Include="treeview.h">
      <Filter>Header Files</Filter>
    </ClInclude>
    <QtMoc Include="vprevmulitwindow.h">
      <Filter>Header Files</Filter>
    </QtMoc>
    <QtMoc Include="vprevwindow.h">
      <Filter>Header Files</Filter>
    </QtMoc>
  </ItemGroup>
  <ItemGroup>
    
    
    
    
    
    
    
    
    <CustomBuild Include="debug\moc_predefs.h.cbt">
      <Filter>Generated Files</Filter>
    </CustomBuild>
    <CustomBuild Include="release\moc_predefs.h.cbt">
      <Filter>Generated Files</Filter>
    </CustomBuild>
    
    
    
    
    
    
    
    
    <ClInclude Include="ui_frmmain.h">
      <Filter>Generated Files</Filter>
    </ClInclude>
    <ClInclude Include="ui_mainwindow.h">
      <Filter>Generated Files</Filter>
    </ClInclude>
    <ClInclude Include="ui_playframe.h">
      <Filter>Generated Files</Filter>
    </ClInclude>
    <ClInclude Include="ui_playmultiwindow.h">
      <Filter>Generated Files</Filter>
    </ClInclude>
    <ClInclude Include="ui_prevscreennumctrl.h">
      <Filter>Generated Files</Filter>
    </ClInclude>
    <ClInclude Include="ui_treeview.h">
      <Filter>Generated Files</Filter>
    </ClInclude>
    <ClInclude Include="ui_vprevmulitwindow.h">
      <Filter>Generated Files</Filter>
    </ClInclude>
    <ClInclude Include="ui_vprevwindow.h">
      <Filter>Generated Files</Filter>
    </ClInclude>
  </ItemGroup>
  <ItemGroup>
    <None Include="cloudbox_en_CN.ts">
      <Filter>Translation Files</Filter>
    </None>
    <None Include="cloudbox_zh_CN.ts">
      <Filter>Translation Files</Filter>
    </None>
  </ItemGroup>
  <ItemGroup>
    <QtUic Include="frmmain.ui">
      <Filter>Form Files</Filter>
    </QtUic>
    <QtUic Include="mainwindow.ui">
      <Filter>Form Files</Filter>
    </QtUic>
    <QtUic Include="playframe.ui">
      <Filter>Form Files</Filter>
    </QtUic>
    <QtUic Include="playmultiwindow.ui">
      <Filter>Form Files</Filter>
    </QtUic>
    <QtUic Include="prevscreennumctrl.ui">
      <Filter>Form Files</Filter>
    </QtUic>
    <QtUic Include="treeview.ui">
      <Filter>Form Files</Filter>
    </QtUic>
    <QtUic Include="vprevmulitwindow.ui">
      <Filter>Form Files</Filter>
    </QtUic>
    <QtUic Include="vprevwindow.ui">
      <Filter>Form Files</Filter>
    </QtUic>
  </ItemGroup>
  <ItemGroup>
    <None Include="resouse\1235.png">
      <Filter>Resource Files</Filter>
    </None>
    <None Include="resouse\??.png">
      <Filter>Resource Files</Filter>
    </None>
    <None Include="ANOMALY:">
      <Filter>Resource Files</Filter>
    </None>
    <None Include="REX">
      <Filter>Resource Files</Filter>
    </None>
    <None Include="resouse\TTT.png">
      <Filter>Resource Files</Filter>
    </None>
    <None Include="[0x7FFF103B0770]">
      <Filter>Resource Files</Filter>
    </None>
    <None Include="resouse\bj.png">
      <Filter>Resource Files</Filter>
    </None>
    <None Include="resouse\enz.png">
      <Filter>Resource Files</Filter>
    </None>
    <QtRcc Include="imag.qrc">
      <Filter>Resource Files</Filter>
    </QtRcc>
    <None Include="meaningless">
      <Filter>Resource Files</Filter>
    </None>
    <None Include="prefix">
      <Filter>Resource Files</Filter>
    </None>
    <None Include="resouse\shebei.png">
      <Filter>Resource Files</Filter>
    </None>
    <None Include="used">
      <Filter>Resource Files</Filter>
    </None>
  </ItemGroup>
  <ItemGroup>
    <None Include="..\iiii.png">
      <Filter>Distribution Files</Filter>
    </None>
    <None Include="..\..\背景图.png">
      <Filter>Distribution Files</Filter>
    </None>
  </ItemGroup>
</Project>